<?xml version="1.0" encoding="UTF-8"?>
<!DOCTYPE plist PUBLIC "-//Apple//DTD PLIST 1.0//EN" "http://www.apple.com/DTDs/PropertyList-1.0.dtd">
<plist version="1.0">
<dict>
	<key>hostname</key>
	<string>192.168.1.102</string>
	<key>hostuuid</key>
	<string>1E2553EE-F10E-5C18-A5BB-DFA3C78AD2EB</string>
	<key>pid</key>
	<integer>17706</integer>
	<key>processname</key>
	<string>photolibraryd</string>
	<key>uid</key>
	<integer>501</integer>
</dict>
</plist>
